
Microsoft Visual Studio Solution File, Format Version 11.00
# Visual Studio 2010
Project("{FAE04EC0-301F-11D3-BF4B-00C04F79EFBC}") = "GVR_test", "Assembly-CSharp.csproj", "{A1AB1C91-2F61-15E5-E178-9CB96AE5E94B}"
EndProject
Project("{FAE04EC0-301F-11D3-BF4B-00C04F79EFBC}") = "GVR_test", "Assembly-CSharp-Editor.csproj", "{22803536-A399-CD44-8578-A764D7A959F4}"
EndProject
Global
	GlobalSection(SolutionConfigurationPlatforms) = preSolution
		Debug|Any CPU = Debug|Any CPU
		Release|Any CPU = Release|Any CPU
	EndGlobalSection
	GlobalSection(ProjectConfigurationPlatforms) = postSolution
		{A1AB1C91-2F61-15E5-E178-9CB96AE5E94B}.Debug|Any CPU.ActiveCfg = Debug|Any CPU
		{A1AB1C91-2F61-15E5-E178-9CB96AE5E94B}.Debug|Any CPU.Build.0 = Debug|Any CPU
		{A1AB1C91-2F61-15E5-E178-9CB96AE5E94B}.Release|Any CPU.ActiveCfg = Release|Any CPU
		{A1AB1C91-2F61-15E5-E178-9CB96AE5E94B}.Release|Any CPU.Build.0 = Release|Any CPU
		{22803536-A399-CD44-8578-A764D7A959F4}.Debug|Any CPU.ActiveCfg = Debug|Any CPU
		{22803536-A399-CD44-8578-A764D7A959F4}.Debug|Any CPU.Build.0 = Debug|Any CPU
		{22803536-A399-CD44-8578-A764D7A959F4}.Release|Any CPU.ActiveCfg = Release|Any CPU
		{22803536-A399-CD44-8578-A764D7A959F4}.Release|Any CPU.Build.0 = Release|Any CPU
	EndGlobalSection
	GlobalSection(SolutionProperties) = preSolution
		HideSolutionNode = FALSE
	EndGlobalSection
	GlobalSection(MonoDevelopProperties) = preSolution
		StartupItem = Assembly-CSharp.csproj
	EndGlobalSection
EndGlobal
